
Microsoft Visual Studio Solution File, Format Version 12.00
# Visual Studio Version 17
VisualStudioVersion = 17.10.35013.160
MinimumVisualStudioVersion = 10.0.40219.1
Project("{9A19103F-16F7-4668-BE54-9A1E7A4F7556}") = "WebStore.Library", "WebStore.Library\WebStore.Library.csproj", "{2F8906BE-AED4-4E5F-BE9F-AF890F6B9249}"
EndProject
Project("{9A19103F-16F7-4668-BE54-9A1E7A4F7556}") = "WebStore.MAUI", "WebStore.MAUI\WebStore.MAUI.csproj", "{3C24831A-5AB2-4490-8252-AFD55F5B19C2}"
EndProject
Global
	GlobalSection(SolutionConfigurationPlatforms) = preSolution
		Debug|Any CPU = Debug|Any CPU
		Release|Any CPU = Release|Any CPU
	EndGlobalSection
	GlobalSection(ProjectConfigurationPlatforms) = postSolution
		{2F8906BE-AED4-4E5F-BE9F-AF890F6B9249}.Debug|Any CPU.ActiveCfg = Debug|Any CPU
		{2F8906BE-AED4-4E5F-BE9F-AF890F6B9249}.Debug|Any CPU.Build.0 = Debug|Any CPU
		{2F8906BE-AED4-4E5F-BE9F-AF890F6B9249}.Release|Any CPU.ActiveCfg = Release|Any CPU
		{2F8906BE-AED4-4E5F-BE9F-AF890F6B9249}.Release|Any CPU.Build.0 = Release|Any CPU
		{3C24831A-5AB2-4490-8252-AFD55F5B19C2}.Debug|Any CPU.ActiveCfg = Debug|Any CPU
		{3C24831A-5AB2-4490-8252-AFD55F5B19C2}.Debug|Any CPU.Build.0 = Debug|Any CPU
		{3C24831A-5AB2-4490-8252-AFD55F5B19C2}.Debug|Any CPU.Deploy.0 = Debug|Any CPU
		{3C24831A-5AB2-4490-8252-AFD55F5B19C2}.Release|Any CPU.ActiveCfg = Release|Any CPU
		{3C24831A-5AB2-4490-8252-AFD55F5B19C2}.Release|Any CPU.Build.0 = Release|Any CPU
		{3C24831A-5AB2-4490-8252-AFD55F5B19C2}.Release|Any CPU.Deploy.0 = Release|Any CPU
	EndGlobalSection
	GlobalSection(SolutionProperties) = preSolution
		HideSolutionNode = FALSE
	EndGlobalSection
	GlobalSection(ExtensibilityGlobals) = postSolution
		SolutionGuid = {5446A86B-2146-4D31-B9B4-717751B36FEB}
	EndGlobalSection
EndGlobal
